
Microsoft Visual Studio Solution File, Format Version 12.00
# Visual Studio Version 17
VisualStudioVersion = 17.9.34622.214
MinimumVisualStudioVersion = 10.0.40219.1
Project("{FAE04EC0-301F-11D3-BF4B-00C04F79EFBC}") = "JuneExam2023", "JuneExam2023.csproj", "{F65E7375-42EC-4206-BC19-9259A4FAF24B}"
EndProject
Project("{FAE04EC0-301F-11D3-BF4B-00C04F79EFBC}") = "DataManagement", "DataManagement\DataManagement.csproj", "{158F50B0-0C36-432C-9EE8-ADC7038EDFF6}"
EndProject
Global
	GlobalSection(SolutionConfigurationPlatforms) = preSolution
		Debug|Any CPU = Debug|Any CPU
		Release|Any CPU = Release|Any CPU
	EndGlobalSection
	GlobalSection(ProjectConfigurationPlatforms) = postSolution
		{F65E7375-42EC-4206-BC19-9259A4FAF24B}.Debug|Any CPU.ActiveCfg = Debug|Any CPU
		{F65E7375-42EC-4206-BC19-9259A4FAF24B}.Debug|Any CPU.Build.0 = Debug|Any CPU
		{F65E7375-42EC-4206-BC19-9259A4FAF24B}.Release|Any CPU.ActiveCfg = Release|Any CPU
		{F65E7375-42EC-4206-BC19-9259A4FAF24B}.Release|Any CPU.Build.0 = Release|Any CPU
		{158F50B0-0C36-432C-9EE8-ADC7038EDFF6}.Debug|Any CPU.ActiveCfg = Debug|Any CPU
		{158F50B0-0C36-432C-9EE8-ADC7038EDFF6}.Debug|Any CPU.Build.0 = Debug|Any CPU
		{158F50B0-0C36-432C-9EE8-ADC7038EDFF6}.Release|Any CPU.ActiveCfg = Release|Any CPU
		{158F50B0-0C36-432C-9EE8-ADC7038EDFF6}.Release|Any CPU.Build.0 = Release|Any CPU
	EndGlobalSection
	GlobalSection(SolutionProperties) = preSolution
		HideSolutionNode = FALSE
	EndGlobalSection
	GlobalSection(ExtensibilityGlobals) = postSolution
		SolutionGuid = {D6703216-B06C-462E-A492-3F473F618822}
	EndGlobalSection
EndGlobal
